
Microsoft Visual Studio Solution File, Format Version 12.00
# Visual Studio Version 16
VisualStudioVersion = 16.0.29102.190
MinimumVisualStudioVersion = 10.0.40219.1
Project("{FAE04EC0-301F-11D3-BF4B-00C04F79EFBC}") = "NFine.Application", "NFine.Application\NFine.Application.csproj", "{F2035EE2-B73D-4FB8-A433-CAB465DE6A2A}"
EndProject
Project("{2150E333-8FDC-42A3-9474-1A3956D46DE8}") = "01 Common 基础结构层", "01 Common 基础结构层", "{DE2A9A88-E15C-4E3D-AB28-B97879149854}"
EndProject
Project("{2150E333-8FDC-42A3-9474-1A3956D46DE8}") = "04 Web 应用程序", "04 Web 应用程序", "{748B2C30-CB38-49EE-AD5A-391272786FA7}"
EndProject
Project("{FAE04EC0-301F-11D3-BF4B-00C04F79EFBC}") = "NFine.Domain", "NFine.Domain\NFine.Domain.csproj", "{7DC886CD-B8A0-44E8-AADD-57FCB0CFECB8}"
EndProject
Project("{FAE04EC0-301F-11D3-BF4B-00C04F79EFBC}") = "NFine.Code", "NFine.Code\NFine.Code.csproj", "{DB19CE03-C307-43FE-A209-08AA4AE10E21}"
EndProject
Project("{2150E333-8FDC-42A3-9474-1A3956D46DE8}") = "03 Domain 应用服务", "03 Domain 应用服务", "{F2C0CC86-CD58-4803-B43A-10FA559A355B}"
EndProject
Project("{FAE04EC0-301F-11D3-BF4B-00C04F79EFBC}") = "NFine.Repository", "NFine.Repository\NFine.Repository.csproj", "{875233BF-EA15-49E0-9A9C-77884A897FF6}"
EndProject
Project("{FAE04EC0-301F-11D3-BF4B-00C04F79EFBC}") = "NFine.Data", "NFine.Data\NFine.Data.csproj", "{F71003E8-A836-48F4-9DF6-DF9095CEBD18}"
EndProject
Project("{FAE04EC0-301F-11D3-BF4B-00C04F79EFBC}") = "NFine.Mapping", "NFine.Mapping\NFine.Mapping.csproj", "{4E642CBE-F6C5-4CB9-9474-6B349652FE77}"
EndProject
Project("{FAE04EC0-301F-11D3-BF4B-00C04F79EFBC}") = "NFine.Web", "NFine.Web\NFine.Web.csproj", "{BEF1F2C9-1903-4AC4-93BD-08452BFA37A3}"
EndProject
Project("{2150E333-8FDC-42A3-9474-1A3956D46DE8}") = "ToolWeb", "ToolWeb", "{8A37BCCF-6B65-4C17-B8A2-4E1125EFF5E5}"
EndProject
Project("{FAE04EC0-301F-11D3-BF4B-00C04F79EFBC}") = "QuartzNetMvcDemo", "QuartzNetMvcDemo\QuartzNetMvcDemo.csproj", "{5C2E2A8A-488D-49E4-A6AB-937EE288342E}"
EndProject
Project("{FAE04EC0-301F-11D3-BF4B-00C04F79EFBC}") = "WebApplication1", "..\WebApplication1\WebApplication1\WebApplication1.csproj", "{49173396-1592-4313-8D1A-BD0C2F161A07}"
EndProject
Project("{FAE04EC0-301F-11D3-BF4B-00C04F79EFBC}") = "BusinessWork", "BusinessWork\BusinessWork.csproj", "{D52E23E8-F7BF-4C33-8BF5-53CE6713F36C}"
EndProject
Project("{FAE04EC0-301F-11D3-BF4B-00C04F79EFBC}") = "ETHelperService", "ETHelperService\ETHelperService.csproj", "{35BF13D8-2034-4B47-A0C8-A636793A62B2}"
EndProject
Project("{FAE04EC0-301F-11D3-BF4B-00C04F79EFBC}") = "EThandleForm", "EThandleForm\EThandleForm.csproj", "{827A35CA-0775-479B-84D5-4025A8447E9A}"
EndProject
Global
	GlobalSection(SolutionConfigurationPlatforms) = preSolution
		Debug|Any CPU = Debug|Any CPU
		Release|Any CPU = Release|Any CPU
	EndGlobalSection
	GlobalSection(ProjectConfigurationPlatforms) = postSolution
		{F2035EE2-B73D-4FB8-A433-CAB465DE6A2A}.Debug|Any CPU.ActiveCfg = Debug|Any CPU
		{F2035EE2-B73D-4FB8-A433-CAB465DE6A2A}.Debug|Any CPU.Build.0 = Debug|Any CPU
		{F2035EE2-B73D-4FB8-A433-CAB465DE6A2A}.Release|Any CPU.ActiveCfg = Release|Any CPU
		{F2035EE2-B73D-4FB8-A433-CAB465DE6A2A}.Release|Any CPU.Build.0 = Release|Any CPU
		{7DC886CD-B8A0-44E8-AADD-57FCB0CFECB8}.Debug|Any CPU.ActiveCfg = Debug|Any CPU
		{7DC886CD-B8A0-44E8-AADD-57FCB0CFECB8}.Debug|Any CPU.Build.0 = Debug|Any CPU
		{7DC886CD-B8A0-44E8-AADD-57FCB0CFECB8}.Release|Any CPU.ActiveCfg = Release|Any CPU
		{7DC886CD-B8A0-44E8-AADD-57FCB0CFECB8}.Release|Any CPU.Build.0 = Release|Any CPU
		{DB19CE03-C307-43FE-A209-08AA4AE10E21}.Debug|Any CPU.ActiveCfg = Debug|Any CPU
		{DB19CE03-C307-43FE-A209-08AA4AE10E21}.Debug|Any CPU.Build.0 = Debug|Any CPU
		{DB19CE03-C307-43FE-A209-08AA4AE10E21}.Release|Any CPU.ActiveCfg = Release|Any CPU
		{DB19CE03-C307-43FE-A209-08AA4AE10E21}.Release|Any CPU.Build.0 = Release|Any CPU
		{875233BF-EA15-49E0-9A9C-77884A897FF6}.Debug|Any CPU.ActiveCfg = Debug|Any CPU
		{875233BF-EA15-49E0-9A9C-77884A897FF6}.Debug|Any CPU.Build.0 = Debug|Any CPU
		{875233BF-EA15-49E0-9A9C-77884A897FF6}.Release|Any CPU.ActiveCfg = Release|Any CPU
		{875233BF-EA15-49E0-9A9C-77884A897FF6}.Release|Any CPU.Build.0 = Release|Any CPU
		{F71003E8-A836-48F4-9DF6-DF9095CEBD18}.Debug|Any CPU.ActiveCfg = Debug|Any CPU
		{F71003E8-A836-48F4-9DF6-DF9095CEBD18}.Debug|Any CPU.Build.0 = Debug|Any CPU
		{F71003E8-A836-48F4-9DF6-DF9095CEBD18}.Release|Any CPU.ActiveCfg = Release|Any CPU
		{F71003E8-A836-48F4-9DF6-DF9095CEBD18}.Release|Any CPU.Build.0 = Release|Any CPU
		{4E642CBE-F6C5-4CB9-9474-6B349652FE77}.Debug|Any CPU.ActiveCfg = Debug|Any CPU
		{4E642CBE-F6C5-4CB9-9474-6B349652FE77}.Debug|Any CPU.Build.0 = Debug|Any CPU
		{4E642CBE-F6C5-4CB9-9474-6B349652FE77}.Release|Any CPU.ActiveCfg = Release|Any CPU
		{4E642CBE-F6C5-4CB9-9474-6B349652FE77}.Release|Any CPU.Build.0 = Release|Any CPU
		{BEF1F2C9-1903-4AC4-93BD-08452BFA37A3}.Debug|Any CPU.ActiveCfg = Debug|Any CPU
		{BEF1F2C9-1903-4AC4-93BD-08452BFA37A3}.Debug|Any CPU.Build.0 = Debug|Any CPU
		{BEF1F2C9-1903-4AC4-93BD-08452BFA37A3}.Release|Any CPU.ActiveCfg = Release|Any CPU
		{BEF1F2C9-1903-4AC4-93BD-08452BFA37A3}.Release|Any CPU.Build.0 = Release|Any CPU
		{5C2E2A8A-488D-49E4-A6AB-937EE288342E}.Debug|Any CPU.ActiveCfg = Debug|Any CPU
		{5C2E2A8A-488D-49E4-A6AB-937EE288342E}.Debug|Any CPU.Build.0 = Debug|Any CPU
		{5C2E2A8A-488D-49E4-A6AB-937EE288342E}.Release|Any CPU.ActiveCfg = Release|Any CPU
		{5C2E2A8A-488D-49E4-A6AB-937EE288342E}.Release|Any CPU.Build.0 = Release|Any CPU
		{49173396-1592-4313-8D1A-BD0C2F161A07}.Debug|Any CPU.ActiveCfg = Debug|Any CPU
		{49173396-1592-4313-8D1A-BD0C2F161A07}.Debug|Any CPU.Build.0 = Debug|Any CPU
		{49173396-1592-4313-8D1A-BD0C2F161A07}.Release|Any CPU.ActiveCfg = Release|Any CPU
		{49173396-1592-4313-8D1A-BD0C2F161A07}.Release|Any CPU.Build.0 = Release|Any CPU
		{D52E23E8-F7BF-4C33-8BF5-53CE6713F36C}.Debug|Any CPU.ActiveCfg = Debug|Any CPU
		{D52E23E8-F7BF-4C33-8BF5-53CE6713F36C}.Debug|Any CPU.Build.0 = Debug|Any CPU
		{D52E23E8-F7BF-4C33-8BF5-53CE6713F36C}.Release|Any CPU.ActiveCfg = Release|Any CPU
		{D52E23E8-F7BF-4C33-8BF5-53CE6713F36C}.Release|Any CPU.Build.0 = Release|Any CPU
		{35BF13D8-2034-4B47-A0C8-A636793A62B2}.Debug|Any CPU.ActiveCfg = Debug|Any CPU
		{35BF13D8-2034-4B47-A0C8-A636793A62B2}.Debug|Any CPU.Build.0 = Debug|Any CPU
		{35BF13D8-2034-4B47-A0C8-A636793A62B2}.Release|Any CPU.ActiveCfg = Release|Any CPU
		{35BF13D8-2034-4B47-A0C8-A636793A62B2}.Release|Any CPU.Build.0 = Release|Any CPU
		{827A35CA-0775-479B-84D5-4025A8447E9A}.Debug|Any CPU.ActiveCfg = Debug|Any CPU
		{827A35CA-0775-479B-84D5-4025A8447E9A}.Debug|Any CPU.Build.0 = Debug|Any CPU
		{827A35CA-0775-479B-84D5-4025A8447E9A}.Release|Any CPU.ActiveCfg = Release|Any CPU
		{827A35CA-0775-479B-84D5-4025A8447E9A}.Release|Any CPU.Build.0 = Release|Any CPU
	EndGlobalSection
	GlobalSection(SolutionProperties) = preSolution
		HideSolutionNode = FALSE
	EndGlobalSection
	GlobalSection(NestedProjects) = preSolution
		{F2035EE2-B73D-4FB8-A433-CAB465DE6A2A} = {F2C0CC86-CD58-4803-B43A-10FA559A355B}
		{7DC886CD-B8A0-44E8-AADD-57FCB0CFECB8} = {F2C0CC86-CD58-4803-B43A-10FA559A355B}
		{DB19CE03-C307-43FE-A209-08AA4AE10E21} = {DE2A9A88-E15C-4E3D-AB28-B97879149854}
		{875233BF-EA15-49E0-9A9C-77884A897FF6} = {F2C0CC86-CD58-4803-B43A-10FA559A355B}
		{F71003E8-A836-48F4-9DF6-DF9095CEBD18} = {DE2A9A88-E15C-4E3D-AB28-B97879149854}
		{4E642CBE-F6C5-4CB9-9474-6B349652FE77} = {F2C0CC86-CD58-4803-B43A-10FA559A355B}
		{BEF1F2C9-1903-4AC4-93BD-08452BFA37A3} = {748B2C30-CB38-49EE-AD5A-391272786FA7}
		{5C2E2A8A-488D-49E4-A6AB-937EE288342E} = {8A37BCCF-6B65-4C17-B8A2-4E1125EFF5E5}
		{49173396-1592-4313-8D1A-BD0C2F161A07} = {8A37BCCF-6B65-4C17-B8A2-4E1125EFF5E5}
		{D52E23E8-F7BF-4C33-8BF5-53CE6713F36C} = {8A37BCCF-6B65-4C17-B8A2-4E1125EFF5E5}
		{35BF13D8-2034-4B47-A0C8-A636793A62B2} = {8A37BCCF-6B65-4C17-B8A2-4E1125EFF5E5}
		{827A35CA-0775-479B-84D5-4025A8447E9A} = {8A37BCCF-6B65-4C17-B8A2-4E1125EFF5E5}
	EndGlobalSection
	GlobalSection(ExtensibilityGlobals) = postSolution
		SolutionGuid = {12CD5F65-DEE5-4C02-B836-6819FFC79F3A}
	EndGlobalSection
EndGlobal
